
Microsoft Visual Studio Solution File, Format Version 12.00
# Visual Studio Version 17
VisualStudioVersion = 17.14.36915.13 d17.14
MinimumVisualStudioVersion = 10.0.40219.1
Project("{FAE04EC0-301F-11D3-BF4B-00C04F79EFBC}") = "Tarea4Semana4", "Tarea4Semana4.csproj", "{4DCEC7A8-DB47-4737-B508-C58DC60DAAAC}"
EndProject
Global
	GlobalSection(SolutionConfigurationPlatforms) = preSolution
		Debug|Any CPU = Debug|Any CPU
		Release|Any CPU = Release|Any CPU
	EndGlobalSection
	GlobalSection(ProjectConfigurationPlatforms) = postSolution
		{4DCEC7A8-DB47-4737-B508-C58DC60DAAAC}.Debug|Any CPU.ActiveCfg = Debug|Any CPU
		{4DCEC7A8-DB47-4737-B508-C58DC60DAAAC}.Debug|Any CPU.Build.0 = Debug|Any CPU
		{4DCEC7A8-DB47-4737-B508-C58DC60DAAAC}.Release|Any CPU.ActiveCfg = Release|Any CPU
		{4DCEC7A8-DB47-4737-B508-C58DC60DAAAC}.Release|Any CPU.Build.0 = Release|Any CPU
	EndGlobalSection
	GlobalSection(SolutionProperties) = preSolution
		HideSolutionNode = FALSE
	EndGlobalSection
	GlobalSection(ExtensibilityGlobals) = postSolution
		SolutionGuid = {7377B8E2-2EC5-4DD4-980D-4CA69F6CE9C1}
	EndGlobalSection
EndGlobal
